
Microsoft Visual Studio Solution File, Format Version 12.00
# Visual Studio 2013
VisualStudioVersion = 12.0.21005.1
MinimumVisualStudioVersion = 10.0.40219.1
Project("{FAE04EC0-301F-11D3-BF4B-00C04F79EFBC}") = "UnitTests", "UnitTests\UnitTests.csproj", "{D8DE71F8-9464-43C5-BB22-E9BDBC04D12F}"
EndProject
Project("{FAE04EC0-301F-11D3-BF4B-00C04F79EFBC}") = "AmazonPay", "AmazonPay\AmazonPay.csproj", "{A8D8E745-6C1D-4A33-B2C5-4F7C1E4FD4DF}"
EndProject
Global
	GlobalSection(SolutionConfigurationPlatforms) = preSolution
		Debug|Any CPU = Debug|Any CPU
		Release|Any CPU = Release|Any CPU
	EndGlobalSection
	GlobalSection(ProjectConfigurationPlatforms) = postSolution
		{D8DE71F8-9464-43C5-BB22-E9BDBC04D12F}.Debug|Any CPU.ActiveCfg = Debug|Any CPU
		{D8DE71F8-9464-43C5-BB22-E9BDBC04D12F}.Debug|Any CPU.Build.0 = Debug|Any CPU
		{D8DE71F8-9464-43C5-BB22-E9BDBC04D12F}.Release|Any CPU.ActiveCfg = Release|Any CPU
		{D8DE71F8-9464-43C5-BB22-E9BDBC04D12F}.Release|Any CPU.Build.0 = Release|Any CPU
		{A8D8E745-6C1D-4A33-B2C5-4F7C1E4FD4DF}.Debug|Any CPU.ActiveCfg = Debug|Any CPU
		{A8D8E745-6C1D-4A33-B2C5-4F7C1E4FD4DF}.Debug|Any CPU.Build.0 = Debug|Any CPU
		{A8D8E745-6C1D-4A33-B2C5-4F7C1E4FD4DF}.Release|Any CPU.ActiveCfg = Release|Any CPU
		{A8D8E745-6C1D-4A33-B2C5-4F7C1E4FD4DF}.Release|Any CPU.Build.0 = Release|Any CPU
	EndGlobalSection
	GlobalSection(SolutionProperties) = preSolution
		HideSolutionNode = FALSE
	EndGlobalSection
EndGlobal
