Microsoft Visual Studio Solution File, Format Version 12.00
# Visual Studio 2012
Project("{FAE04EC0-301F-11D3-BF4B-00C04F79EFBC}") = "OffAmazonPaymentsNotifications.Samples", "OffAmazonPaymentsIPN.Samples\OffAmazonPaymentsNotifications.Samples.csproj", "{EE11DBA3-20EE-4A77-8707-79F38A97D0A9}"
EndProject
Project("{FAE04EC0-301F-11D3-BF4B-00C04F79EFBC}") = "OffAmazonPaymentsService.Sample", "OffAmazonPaymentsService.Sample\OffAmazonPaymentsService.Sample.csproj", "{4437CE9B-23E1-4A77-940C-EB1320EC6951}"
EndProject
Project("{FAE04EC0-301F-11D3-BF4B-00C04F79EFBC}") = "OffAmazonPaymentsServiceSampleLibrary", "OffAmazonPaymentsServiceSampleLibrary\OffAmazonPaymentsServiceSampleLibrary.csproj", "{5F47091D-0A9E-4D99-8C01-05E951B9417A}"
EndProject
Global
	GlobalSection(SolutionConfigurationPlatforms) = preSolution
		Debug|Any CPU = Debug|Any CPU
		Release|Any CPU = Release|Any CPU
	EndGlobalSection
	GlobalSection(ProjectConfigurationPlatforms) = postSolution
		{EE11DBA3-20EE-4A77-8707-79F38A97D0A9}.Debug|Any CPU.ActiveCfg = Debug|Any CPU
		{EE11DBA3-20EE-4A77-8707-79F38A97D0A9}.Debug|Any CPU.Build.0 = Debug|Any CPU
		{EE11DBA3-20EE-4A77-8707-79F38A97D0A9}.Release|Any CPU.ActiveCfg = Release|Any CPU
		{EE11DBA3-20EE-4A77-8707-79F38A97D0A9}.Release|Any CPU.Build.0 = Release|Any CPU
		{4437CE9B-23E1-4A77-940C-EB1320EC6951}.Debug|Any CPU.ActiveCfg = Debug|Any CPU
		{4437CE9B-23E1-4A77-940C-EB1320EC6951}.Debug|Any CPU.Build.0 = Debug|Any CPU
		{4437CE9B-23E1-4A77-940C-EB1320EC6951}.Release|Any CPU.ActiveCfg = Release|Any CPU
		{4437CE9B-23E1-4A77-940C-EB1320EC6951}.Release|Any CPU.Build.0 = Release|Any CPU
		{5F47091D-0A9E-4D99-8C01-05E951B9417A}.Debug|Any CPU.ActiveCfg = Debug|Any CPU
		{5F47091D-0A9E-4D99-8C01-05E951B9417A}.Debug|Any CPU.Build.0 = Debug|Any CPU
		{5F47091D-0A9E-4D99-8C01-05E951B9417A}.Release|Any CPU.ActiveCfg = Release|Any CPU
		{5F47091D-0A9E-4D99-8C01-05E951B9417A}.Release|Any CPU.Build.0 = Release|Any CPU
	EndGlobalSection
	GlobalSection(SolutionProperties) = preSolution
		HideSolutionNode = FALSE
	EndGlobalSection
EndGlobal
